
Microsoft Visual Studio Solution File, Format Version 12.00
# Visual Studio Version 17
VisualStudioVersion = 17.14.36429.23 d17.14
MinimumVisualStudioVersion = 10.0.40219.1
Project("{FAE04EC0-301F-11D3-BF4B-00C04F79EFBC}") = "hwmonitor", "hwmonitor.csproj", "{48C5E35D-FE5F-4485-8E8D-9219077725DD}"
EndProject
Global
	GlobalSection(SolutionConfigurationPlatforms) = preSolution
		Debug|Any CPU = Debug|Any CPU
		Release|Any CPU = Release|Any CPU
	EndGlobalSection
	GlobalSection(ProjectConfigurationPlatforms) = postSolution
		{48C5E35D-FE5F-4485-8E8D-9219077725DD}.Debug|Any CPU.ActiveCfg = Debug|Any CPU
		{48C5E35D-FE5F-4485-8E8D-9219077725DD}.Debug|Any CPU.Build.0 = Debug|Any CPU
		{48C5E35D-FE5F-4485-8E8D-9219077725DD}.Release|Any CPU.ActiveCfg = Release|Any CPU
		{48C5E35D-FE5F-4485-8E8D-9219077725DD}.Release|Any CPU.Build.0 = Release|Any CPU
	EndGlobalSection
	GlobalSection(SolutionProperties) = preSolution
		HideSolutionNode = FALSE
	EndGlobalSection
	GlobalSection(ExtensibilityGlobals) = postSolution
		SolutionGuid = {F44E2143-4D5E-46E4-A456-419D23E28609}
	EndGlobalSection
EndGlobal
